// !$*UTF8*$!
{
	archiveVersion = 1;
	classes = {
	};
	objectVersion = 51;
	objects = {

/* Begin PBXBuildFile section */
		32AE4886A67643FB58573CE8 /* Pods_Bestagram_BestagramUITests.framework in Frameworks */ = {isa = PBXBuildFile; fileRef = BF0016E4F11A81D956860251 /* Pods_Bestagram_BestagramUITests.framework */; };
		3F8630B7C660C8227525AB16 /* Pods_BestagramTests.framework in Frameworks */ = {isa = PBXBuildFile; fileRef = 3683A6984771AA6851D85B80 /* Pods_BestagramTests.framework */; };
		5B02904425973C55004E03EF /* BestagramUserTests.swift in Sources */ = {isa = PBXBuildFile; fileRef = 5B02904325973C55004E03EF /* BestagramUserTests.swift */; };
		5B02904C2597EF15004E03EF /* DontHaveAccountView.swift in Sources */ = {isa = PBXBuildFile; fileRef = 5B02904B2597EF15004E03EF /* DontHaveAccountView.swift */; };
		5B02905F2598E835004E03EF /* PictureSelectionView.swift in Sources */ = {isa = PBXBuildFile; fileRef = 5B02905E2598E835004E03EF /* PictureSelectionView.swift */; };
		5B0290672598EC0E004E03EF /* ImagePicker.swift in Sources */ = {isa = PBXBuildFile; fileRef = 5B0290662598EC0E004E03EF /* ImagePicker.swift */; };
		5B02906C2599507F004E03EF /* PostSettingView.swift in Sources */ = {isa = PBXBuildFile; fileRef = 5B02906B2599507F004E03EF /* PostSettingView.swift */; };
		5B02907725995BD1004E03EF /* TagPeopleView.swift in Sources */ = {isa = PBXBuildFile; fileRef = 5B02907625995BD1004E03EF /* TagPeopleView.swift */; };
		5B02907C25995C3D004E03EF /* TopBarView.swift in Sources */ = {isa = PBXBuildFile; fileRef = 5B02907B25995C3D004E03EF /* TopBarView.swift */; };
		5B02908125995E1D004E03EF /* UIScreenExtension.swift in Sources */ = {isa = PBXBuildFile; fileRef = 5B02908025995E1D004E03EF /* UIScreenExtension.swift */; };
		5B1D1FCD257260E0006B5073 /* Post.swift in Sources */ = {isa = PBXBuildFile; fileRef = 5B1D1FCC257260E0006B5073 /* Post.swift */; };
		5B1D1FD225726629006B5073 /* ProximaNova.swift in Sources */ = {isa = PBXBuildFile; fileRef = 5B1D1FD125726629006B5073 /* ProximaNova.swift */; };
		5B1D1FF125727291006B5073 /* StringProtocolExtension.swift in Sources */ = {isa = PBXBuildFile; fileRef = 5B1D1FF025727290006B5073 /* StringProtocolExtension.swift */; };
		5B1D1FF625727420006B5073 /* BestagramPostTests.swift in Sources */ = {isa = PBXBuildFile; fileRef = 5B1D1FF525727420006B5073 /* BestagramPostTests.swift */; };
		5B1D200F2572DF2A006B5073 /* DescriptionView.swift in Sources */ = {isa = PBXBuildFile; fileRef = 5B1D200E2572DF2A006B5073 /* DescriptionView.swift */; };
		5B1D20142572DF81006B5073 /* Description.swift in Sources */ = {isa = PBXBuildFile; fileRef = 5B1D20132572DF81006B5073 /* Description.swift */; };
		5B21218E25B9B6050055C2C6 /* PickUsernameView.swift in Sources */ = {isa = PBXBuildFile; fileRef = 5B21218D25B9B6050055C2C6 /* PickUsernameView.swift */; };
		5B21219325B9B9E60055C2C6 /* SearchService.swift in Sources */ = {isa = PBXBuildFile; fileRef = 5B21219225B9B9E60055C2C6 /* SearchService.swift */; };
		5B21219825B9BC450055C2C6 /* ErrorParsing.swift in Sources */ = {isa = PBXBuildFile; fileRef = 5B21219725B9BC450055C2C6 /* ErrorParsing.swift */; };
		5B4A619025852E9C008FDED5 /* EnterConfirmationCodeView.swift in Sources */ = {isa = PBXBuildFile; fileRef = 5B4A618F25852E9C008FDED5 /* EnterConfirmationCodeView.swift */; };
		5B5DF1ED2581887400A756D9 /* BigBlueButton.swift in Sources */ = {isa = PBXBuildFile; fileRef = 5B5DF1EC2581887400A756D9 /* BigBlueButton.swift */; };
		5B5DF1F225818AD700A756D9 /* CustomTextField.swift in Sources */ = {isa = PBXBuildFile; fileRef = 5B5DF1F125818AD700A756D9 /* CustomTextField.swift */; };
		5B70B66625840FE3004221D5 /* BackButton.swift in Sources */ = {isa = PBXBuildFile; fileRef = 5B70B66525840FE3004221D5 /* BackButton.swift */; };
		5B70B671258412F1004221D5 /* Checks.swift in Sources */ = {isa = PBXBuildFile; fileRef = 5B70B670258412F1004221D5 /* Checks.swift */; };
		5B7DC98D2599E2C300F928EA /* testView.swift in Sources */ = {isa = PBXBuildFile; fileRef = 5B7DC98C2599E2C300F928EA /* testView.swift */; };
		5BA7A0EE2571BE5300993718 /* BestagramApp.swift in Sources */ = {isa = PBXBuildFile; fileRef = 5BA7A0ED2571BE5300993718 /* BestagramApp.swift */; };
		5BA7A0F02571BE5300993718 /* PostView.swift in Sources */ = {isa = PBXBuildFile; fileRef = 5BA7A0EF2571BE5300993718 /* PostView.swift */; };
		5BA7A0F22571BE5500993718 /* Assets.xcassets in Resources */ = {isa = PBXBuildFile; fileRef = 5BA7A0F12571BE5500993718 /* Assets.xcassets */; };
		5BA7A0F52571BE5500993718 /* Preview Assets.xcassets in Resources */ = {isa = PBXBuildFile; fileRef = 5BA7A0F42571BE5500993718 /* Preview Assets.xcassets */; };
		5BA7A1002571BE5500993718 /* BestagramTests.swift in Sources */ = {isa = PBXBuildFile; fileRef = 5BA7A0FF2571BE5500993718 /* BestagramTests.swift */; };
		5BA7A10B2571BE5500993718 /* BestagramUITests.swift in Sources */ = {isa = PBXBuildFile; fileRef = 5BA7A10A2571BE5500993718 /* BestagramUITests.swift */; };
		5BA8950425BACFBD00D72CEC /* EnterUsernameView.swift in Sources */ = {isa = PBXBuildFile; fileRef = 5BA8950325BACFBD00D72CEC /* EnterUsernameView.swift */; };
		5BAA5A3025BEDFA600327674 /* CacheStorage.swift in Sources */ = {isa = PBXBuildFile; fileRef = 5BAA5A2F25BEDFA600327674 /* CacheStorage.swift */; };
		5BB3770E258E4F41003559DE /* Hashing.swift in Sources */ = {isa = PBXBuildFile; fileRef = 5BB3770D258E4F41003559DE /* Hashing.swift */; };
		5BB37714258E73D0003559DE /* Error.swift in Sources */ = {isa = PBXBuildFile; fileRef = 5BB37713258E73D0003559DE /* Error.swift */; };
		5BB7D82E25815399001AE07C /* SignInOrUpChoiceView.swift in Sources */ = {isa = PBXBuildFile; fileRef = 5BB7D82D25815399001AE07C /* SignInOrUpChoiceView.swift */; };
		5BB7D837258154D9001AE07C /* EnterPhoneOrEmailView.swift in Sources */ = {isa = PBXBuildFile; fileRef = 5BB7D836258154D9001AE07C /* EnterPhoneOrEmailView.swift */; };
		5BCDF4BB259FE1A4001B851F /* Tag.swift in Sources */ = {isa = PBXBuildFile; fileRef = 5BCDF4BA259FE1A4001B851F /* Tag.swift */; };
		5BCDF4C8259FE3F4001B851F /* SearchPeopleView.swift in Sources */ = {isa = PBXBuildFile; fileRef = 5BCDF4C7259FE3F4001B851F /* SearchPeopleView.swift */; };
		5BCDF4D0259FE466001B851F /* SearchBar.swift in Sources */ = {isa = PBXBuildFile; fileRef = 5BCDF4CF259FE466001B851F /* SearchBar.swift */; };
		5BDCB8F42586B34C00056B2B /* LoginService.swift in Sources */ = {isa = PBXBuildFile; fileRef = 5BDCB8F32586B34C00056B2B /* LoginService.swift */; };
		5BDCB8FC2586B77F00056B2B /* Api.swift in Sources */ = {isa = PBXBuildFile; fileRef = 5BDCB8FB2586B77F00056B2B /* Api.swift */; };
		5BE70E042571C43300187FF1 /* User.swift in Sources */ = {isa = PBXBuildFile; fileRef = 5BE70E032571C43300187FF1 /* User.swift */; };
		5BF0BAE725865DAB00C3B9FB /* EnterLoginInfoView.swift in Sources */ = {isa = PBXBuildFile; fileRef = 5BF0BAE625865DAB00C3B9FB /* EnterLoginInfoView.swift */; };
		5BF0BAEC25865E6D00C3B9FB /* Billabong.ttf in Resources */ = {isa = PBXBuildFile; fileRef = 5BF0BAEB25865E6D00C3B9FB /* Billabong.ttf */; };
		5BF0BAF225865E9A00C3B9FB /* Billabong.swift in Sources */ = {isa = PBXBuildFile; fileRef = 5BF0BAF125865E9A00C3B9FB /* Billabong.swift */; };
		5BF300262595362B000E4DA1 /* EnterNameView.swift in Sources */ = {isa = PBXBuildFile; fileRef = 5BF300252595362B000E4DA1 /* EnterNameView.swift */; };
		5BF3004B25956820000E4DA1 /* Proxima Nova Thin.otf in Resources */ = {isa = PBXBuildFile; fileRef = 5BF3004A25956820000E4DA1 /* Proxima Nova Thin.otf */; };
		5BF3005425956888000E4DA1 /* Proxima Nova Regular.otf in Resources */ = {isa = PBXBuildFile; fileRef = 5BF3005225956888000E4DA1 /* Proxima Nova Regular.otf */; };
		5BF3005525956888000E4DA1 /* Proxima Nova Bold.otf in Resources */ = {isa = PBXBuildFile; fileRef = 5BF3005325956888000E4DA1 /* Proxima Nova Bold.otf */; };
		5BF300602595E534000E4DA1 /* AlreadyHaveAccountView.swift in Sources */ = {isa = PBXBuildFile; fileRef = 5BF3005F2595E534000E4DA1 /* AlreadyHaveAccountView.swift */; };
		5BF3006525962794000E4DA1 /* CreatePasswordView.swift in Sources */ = {isa = PBXBuildFile; fileRef = 5BF3006425962794000E4DA1 /* CreatePasswordView.swift */; };
		5BF3006A25964A25000E4DA1 /* WelcomeToBestagramView.swift in Sources */ = {isa = PBXBuildFile; fileRef = 5BF3006925964A25000E4DA1 /* WelcomeToBestagramView.swift */; };
		5BF3006F25964CBB000E4DA1 /* InterfacePositioningView.swift in Sources */ = {isa = PBXBuildFile; fileRef = 5BF3006E25964CBB000E4DA1 /* InterfacePositioningView.swift */; };
		5BF4759925BC7DBB00DC5FCA /* CredentialService.swift in Sources */ = {isa = PBXBuildFile; fileRef = 5BF4759825BC7DBB00DC5FCA /* CredentialService.swift */; };
		E8C1AF7FB85A9D82857B218B /* Pods_Bestagram.framework in Frameworks */ = {isa = PBXBuildFile; fileRef = B2FE10F21ADC5EB9CA01ADBC /* Pods_Bestagram.framework */; };
/* End PBXBuildFile section */

/* Begin PBXContainerItemProxy section */
		5BA7A0FC2571BE5500993718 /* PBXContainerItemProxy */ = {
			isa = PBXContainerItemProxy;
			containerPortal = 5BA7A0E22571BE5200993718 /* Project object */;
			proxyType = 1;
			remoteGlobalIDString = 5BA7A0E92571BE5200993718;
			remoteInfo = Bestagram;
		};
		5BA7A1072571BE5500993718 /* PBXContainerItemProxy */ = {
			isa = PBXContainerItemProxy;
			containerPortal = 5BA7A0E22571BE5200993718 /* Project object */;
			proxyType = 1;
			remoteGlobalIDString = 5BA7A0E92571BE5200993718;
			remoteInfo = Bestagram;
		};
/* End PBXContainerItemProxy section */

/* Begin PBXFileReference section */
		3586BAC067A5F381D8FF1D8A /* Pods-BestagramTests.release.xcconfig */ = {isa = PBXFileReference; includeInIndex = 1; lastKnownFileType = text.xcconfig; name = "Pods-BestagramTests.release.xcconfig"; path = "Target Support Files/Pods-BestagramTests/Pods-BestagramTests.release.xcconfig"; sourceTree = "<group>"; };
		3683A6984771AA6851D85B80 /* Pods_BestagramTests.framework */ = {isa = PBXFileReference; explicitFileType = wrapper.framework; includeInIndex = 0; path = Pods_BestagramTests.framework; sourceTree = BUILT_PRODUCTS_DIR; };
		5B02904325973C55004E03EF /* BestagramUserTests.swift */ = {isa = PBXFileReference; lastKnownFileType = sourcecode.swift; path = BestagramUserTests.swift; sourceTree = "<group>"; };
		5B02904B2597EF15004E03EF /* DontHaveAccountView.swift */ = {isa = PBXFileReference; lastKnownFileType = sourcecode.swift; path = DontHaveAccountView.swift; sourceTree = "<group>"; };
		5B02905E2598E835004E03EF /* PictureSelectionView.swift */ = {isa = PBXFileReference; lastKnownFileType = sourcecode.swift; path = PictureSelectionView.swift; sourceTree = "<group>"; };
		5B0290662598EC0E004E03EF /* ImagePicker.swift */ = {isa = PBXFileReference; lastKnownFileType = sourcecode.swift; path = ImagePicker.swift; sourceTree = "<group>"; };
		5B02906B2599507F004E03EF /* PostSettingView.swift */ = {isa = PBXFileReference; lastKnownFileType = sourcecode.swift; path = PostSettingView.swift; sourceTree = "<group>"; };
		5B02907625995BD1004E03EF /* TagPeopleView.swift */ = {isa = PBXFileReference; lastKnownFileType = sourcecode.swift; path = TagPeopleView.swift; sourceTree = "<group>"; };
		5B02907B25995C3D004E03EF /* TopBarView.swift */ = {isa = PBXFileReference; lastKnownFileType = sourcecode.swift; path = TopBarView.swift; sourceTree = "<group>"; };
		5B02908025995E1D004E03EF /* UIScreenExtension.swift */ = {isa = PBXFileReference; lastKnownFileType = sourcecode.swift; path = UIScreenExtension.swift; sourceTree = "<group>"; };
		5B1D1FCC257260E0006B5073 /* Post.swift */ = {isa = PBXFileReference; lastKnownFileType = sourcecode.swift; path = Post.swift; sourceTree = "<group>"; };
		5B1D1FD125726629006B5073 /* ProximaNova.swift */ = {isa = PBXFileReference; lastKnownFileType = sourcecode.swift; path = ProximaNova.swift; sourceTree = "<group>"; };
		5B1D1FF025727290006B5073 /* StringProtocolExtension.swift */ = {isa = PBXFileReference; lastKnownFileType = sourcecode.swift; path = StringProtocolExtension.swift; sourceTree = "<group>"; };
		5B1D1FF525727420006B5073 /* BestagramPostTests.swift */ = {isa = PBXFileReference; lastKnownFileType = sourcecode.swift; path = BestagramPostTests.swift; sourceTree = "<group>"; wrapsLines = 1; };
		5B1D200E2572DF2A006B5073 /* DescriptionView.swift */ = {isa = PBXFileReference; lastKnownFileType = sourcecode.swift; path = DescriptionView.swift; sourceTree = "<group>"; };
		5B1D20132572DF81006B5073 /* Description.swift */ = {isa = PBXFileReference; lastKnownFileType = sourcecode.swift; path = Description.swift; sourceTree = "<group>"; };
		5B21218D25B9B6050055C2C6 /* PickUsernameView.swift */ = {isa = PBXFileReference; lastKnownFileType = sourcecode.swift; path = PickUsernameView.swift; sourceTree = "<group>"; };
		5B21219225B9B9E60055C2C6 /* SearchService.swift */ = {isa = PBXFileReference; lastKnownFileType = sourcecode.swift; path = SearchService.swift; sourceTree = "<group>"; };
		5B21219725B9BC450055C2C6 /* ErrorParsing.swift */ = {isa = PBXFileReference; lastKnownFileType = sourcecode.swift; path = ErrorParsing.swift; sourceTree = "<group>"; };
		5B4A618F25852E9C008FDED5 /* EnterConfirmationCodeView.swift */ = {isa = PBXFileReference; lastKnownFileType = sourcecode.swift; path = EnterConfirmationCodeView.swift; sourceTree = "<group>"; };
		5B5DF1EC2581887400A756D9 /* BigBlueButton.swift */ = {isa = PBXFileReference; lastKnownFileType = sourcecode.swift; path = BigBlueButton.swift; sourceTree = "<group>"; };
		5B5DF1F125818AD700A756D9 /* CustomTextField.swift */ = {isa = PBXFileReference; lastKnownFileType = sourcecode.swift; path = CustomTextField.swift; sourceTree = "<group>"; };
		5B70B66525840FE3004221D5 /* BackButton.swift */ = {isa = PBXFileReference; lastKnownFileType = sourcecode.swift; path = BackButton.swift; sourceTree = "<group>"; };
		5B70B670258412F1004221D5 /* Checks.swift */ = {isa = PBXFileReference; lastKnownFileType = sourcecode.swift; path = Checks.swift; sourceTree = "<group>"; wrapsLines = 0; };
		5B7DC98C2599E2C300F928EA /* testView.swift */ = {isa = PBXFileReference; lastKnownFileType = sourcecode.swift; path = testView.swift; sourceTree = "<group>"; };
		5BA7A0EA2571BE5300993718 /* Bestagram.app */ = {isa = PBXFileReference; explicitFileType = wrapper.application; includeInIndex = 0; path = Bestagram.app; sourceTree = BUILT_PRODUCTS_DIR; };
		5BA7A0ED2571BE5300993718 /* BestagramApp.swift */ = {isa = PBXFileReference; lastKnownFileType = sourcecode.swift; path = BestagramApp.swift; sourceTree = "<group>"; };
		5BA7A0EF2571BE5300993718 /* PostView.swift */ = {isa = PBXFileReference; lastKnownFileType = sourcecode.swift; path = PostView.swift; sourceTree = "<group>"; };
		5BA7A0F12571BE5500993718 /* Assets.xcassets */ = {isa = PBXFileReference; lastKnownFileType = folder.assetcatalog; path = Assets.xcassets; sourceTree = "<group>"; };
		5BA7A0F42571BE5500993718 /* Preview Assets.xcassets */ = {isa = PBXFileReference; lastKnownFileType = folder.assetcatalog; path = "Preview Assets.xcassets"; sourceTree = "<group>"; };
		5BA7A0F62571BE5500993718 /* Info.plist */ = {isa = PBXFileReference; lastKnownFileType = text.plist.xml; path = Info.plist; sourceTree = "<group>"; };
		5BA7A0FB2571BE5500993718 /* BestagramTests.xctest */ = {isa = PBXFileReference; explicitFileType = wrapper.cfbundle; includeInIndex = 0; path = BestagramTests.xctest; sourceTree = BUILT_PRODUCTS_DIR; };
		5BA7A0FF2571BE5500993718 /* BestagramTests.swift */ = {isa = PBXFileReference; lastKnownFileType = sourcecode.swift; path = BestagramTests.swift; sourceTree = "<group>"; };
		5BA7A1012571BE5500993718 /* Info.plist */ = {isa = PBXFileReference; lastKnownFileType = text.plist.xml; path = Info.plist; sourceTree = "<group>"; };
		5BA7A1062571BE5500993718 /* BestagramUITests.xctest */ = {isa = PBXFileReference; explicitFileType = wrapper.cfbundle; includeInIndex = 0; path = BestagramUITests.xctest; sourceTree = BUILT_PRODUCTS_DIR; };
		5BA7A10A2571BE5500993718 /* BestagramUITests.swift */ = {isa = PBXFileReference; lastKnownFileType = sourcecode.swift; path = BestagramUITests.swift; sourceTree = "<group>"; };
		5BA7A10C2571BE5500993718 /* Info.plist */ = {isa = PBXFileReference; lastKnownFileType = text.plist.xml; path = Info.plist; sourceTree = "<group>"; };
		5BA8950325BACFBD00D72CEC /* EnterUsernameView.swift */ = {isa = PBXFileReference; lastKnownFileType = sourcecode.swift; path = EnterUsernameView.swift; sourceTree = "<group>"; };
		5BAA5A2F25BEDFA600327674 /* CacheStorage.swift */ = {isa = PBXFileReference; lastKnownFileType = sourcecode.swift; path = CacheStorage.swift; sourceTree = "<group>"; };
		5BB3770D258E4F41003559DE /* Hashing.swift */ = {isa = PBXFileReference; lastKnownFileType = sourcecode.swift; path = Hashing.swift; sourceTree = "<group>"; };
		5BB37713258E73D0003559DE /* Error.swift */ = {isa = PBXFileReference; lastKnownFileType = sourcecode.swift; path = Error.swift; sourceTree = "<group>"; };
		5BB7D82D25815399001AE07C /* SignInOrUpChoiceView.swift */ = {isa = PBXFileReference; lastKnownFileType = sourcecode.swift; path = SignInOrUpChoiceView.swift; sourceTree = "<group>"; };
		5BB7D836258154D9001AE07C /* EnterPhoneOrEmailView.swift */ = {isa = PBXFileReference; lastKnownFileType = sourcecode.swift; path = EnterPhoneOrEmailView.swift; sourceTree = "<group>"; };
		5BCDF4BA259FE1A4001B851F /* Tag.swift */ = {isa = PBXFileReference; lastKnownFileType = sourcecode.swift; path = Tag.swift; sourceTree = "<group>"; };
		5BCDF4C7259FE3F4001B851F /* SearchPeopleView.swift */ = {isa = PBXFileReference; lastKnownFileType = sourcecode.swift; path = SearchPeopleView.swift; sourceTree = "<group>"; };
		5BCDF4CF259FE466001B851F /* SearchBar.swift */ = {isa = PBXFileReference; lastKnownFileType = sourcecode.swift; path = SearchBar.swift; sourceTree = "<group>"; };
		5BDCB8F32586B34C00056B2B /* LoginService.swift */ = {isa = PBXFileReference; lastKnownFileType = sourcecode.swift; path = LoginService.swift; sourceTree = "<group>"; };
		5BDCB8FB2586B77F00056B2B /* Api.swift */ = {isa = PBXFileReference; lastKnownFileType = sourcecode.swift; path = Api.swift; sourceTree = "<group>"; };
		5BE70E032571C43300187FF1 /* User.swift */ = {isa = PBXFileReference; lastKnownFileType = sourcecode.swift; path = User.swift; sourceTree = "<group>"; };
		5BF0BAE625865DAB00C3B9FB /* EnterLoginInfoView.swift */ = {isa = PBXFileReference; lastKnownFileType = sourcecode.swift; path = EnterLoginInfoView.swift; sourceTree = "<group>"; };
		5BF0BAEB25865E6D00C3B9FB /* Billabong.ttf */ = {isa = PBXFileReference; lastKnownFileType = file; path = Billabong.ttf; sourceTree = "<group>"; };
		5BF0BAF125865E9A00C3B9FB /* Billabong.swift */ = {isa = PBXFileReference; lastKnownFileType = sourcecode.swift; path = Billabong.swift; sourceTree = "<group>"; };
		5BF300252595362B000E4DA1 /* EnterNameView.swift */ = {isa = PBXFileReference; lastKnownFileType = sourcecode.swift; path = EnterNameView.swift; sourceTree = "<group>"; };
		5BF3004A25956820000E4DA1 /* Proxima Nova Thin.otf */ = {isa = PBXFileReference; lastKnownFileType = file; path = "Proxima Nova Thin.otf"; sourceTree = "<group>"; };
		5BF3005225956888000E4DA1 /* Proxima Nova Regular.otf */ = {isa = PBXFileReference; lastKnownFileType = file; path = "Proxima Nova Regular.otf"; sourceTree = "<group>"; };
		5BF3005325956888000E4DA1 /* Proxima Nova Bold.otf */ = {isa = PBXFileReference; lastKnownFileType = file; path = "Proxima Nova Bold.otf"; sourceTree = "<group>"; };
		5BF3005F2595E534000E4DA1 /* AlreadyHaveAccountView.swift */ = {isa = PBXFileReference; lastKnownFileType = sourcecode.swift; path = AlreadyHaveAccountView.swift; sourceTree = "<group>"; };
		5BF3006425962794000E4DA1 /* CreatePasswordView.swift */ = {isa = PBXFileReference; lastKnownFileType = sourcecode.swift; path = CreatePasswordView.swift; sourceTree = "<group>"; };
		5BF3006925964A25000E4DA1 /* WelcomeToBestagramView.swift */ = {isa = PBXFileReference; lastKnownFileType = sourcecode.swift; path = WelcomeToBestagramView.swift; sourceTree = "<group>"; };
		5BF3006E25964CBB000E4DA1 /* InterfacePositioningView.swift */ = {isa = PBXFileReference; lastKnownFileType = sourcecode.swift; path = InterfacePositioningView.swift; sourceTree = "<group>"; };
		5BF4759825BC7DBB00DC5FCA /* CredentialService.swift */ = {isa = PBXFileReference; lastKnownFileType = sourcecode.swift; path = CredentialService.swift; sourceTree = "<group>"; };
		6708ED6011F9118EB53F4B60 /* Pods-Bestagram-BestagramUITests.release.xcconfig */ = {isa = PBXFileReference; includeInIndex = 1; lastKnownFileType = text.xcconfig; name = "Pods-Bestagram-BestagramUITests.release.xcconfig"; path = "Target Support Files/Pods-Bestagram-BestagramUITests/Pods-Bestagram-BestagramUITests.release.xcconfig"; sourceTree = "<group>"; };
		6CBAF8711BA4DEC12E4FE49A /* Pods-BestagramTests.debug.xcconfig */ = {isa = PBXFileReference; includeInIndex = 1; lastKnownFileType = text.xcconfig; name = "Pods-BestagramTests.debug.xcconfig"; path = "Target Support Files/Pods-BestagramTests/Pods-BestagramTests.debug.xcconfig"; sourceTree = "<group>"; };
		A9FA6428F46D234D921F1DA8 /* Pods-Bestagram.release.xcconfig */ = {isa = PBXFileReference; includeInIndex = 1; lastKnownFileType = text.xcconfig; name = "Pods-Bestagram.release.xcconfig"; path = "Target Support Files/Pods-Bestagram/Pods-Bestagram.release.xcconfig"; sourceTree = "<group>"; };
		B2FE10F21ADC5EB9CA01ADBC /* Pods_Bestagram.framework */ = {isa = PBXFileReference; explicitFileType = wrapper.framework; includeInIndex = 0; path = Pods_Bestagram.framework; sourceTree = BUILT_PRODUCTS_DIR; };
		BF0016E4F11A81D956860251 /* Pods_Bestagram_BestagramUITests.framework */ = {isa = PBXFileReference; explicitFileType = wrapper.framework; includeInIndex = 0; path = Pods_Bestagram_BestagramUITests.framework; sourceTree = BUILT_PRODUCTS_DIR; };
		CF5258568DE653B4524FD87F /* Pods-Bestagram-BestagramUITests.debug.xcconfig */ = {isa = PBXFileReference; includeInIndex = 1; lastKnownFileType = text.xcconfig; name = "Pods-Bestagram-BestagramUITests.debug.xcconfig"; path = "Target Support Files/Pods-Bestagram-BestagramUITests/Pods-Bestagram-BestagramUITests.debug.xcconfig"; sourceTree = "<group>"; };
		E641F518EC26313319DD8C71 /* Pods-Bestagram.debug.xcconfig */ = {isa = PBXFileReference; includeInIndex = 1; lastKnownFileType = text.xcconfig; name = "Pods-Bestagram.debug.xcconfig"; path = "Target Support Files/Pods-Bestagram/Pods-Bestagram.debug.xcconfig"; sourceTree = "<group>"; };
/* End PBXFileReference section */

/* Begin PBXFrameworksBuildPhase section */
		5BA7A0E72571BE5200993718 /* Frameworks */ = {
			isa = PBXFrameworksBuildPhase;
			buildActionMask = 2147483647;
			files = (
				E8C1AF7FB85A9D82857B218B /* Pods_Bestagram.framework in Frameworks */,
			);
			runOnlyForDeploymentPostprocessing = 0;
		};
		5BA7A0F82571BE5500993718 /* Frameworks */ = {
			isa = PBXFrameworksBuildPhase;
			buildActionMask = 2147483647;
			files = (
				3F8630B7C660C8227525AB16 /* Pods_BestagramTests.framework in Frameworks */,
			);
			runOnlyForDeploymentPostprocessing = 0;
		};
		5BA7A1032571BE5500993718 /* Frameworks */ = {
			isa = PBXFrameworksBuildPhase;
			buildActionMask = 2147483647;
			files = (
				32AE4886A67643FB58573CE8 /* Pods_Bestagram_BestagramUITests.framework in Frameworks */,
			);
			runOnlyForDeploymentPostprocessing = 0;
		};
/* End PBXFrameworksBuildPhase section */

/* Begin PBXGroup section */
		5B02905C2598E80A004E03EF /* Share */ = {
			isa = PBXGroup;
			children = (
				5B02905D2598E823004E03EF /* Post */,
			);
			path = Share;
			sourceTree = "<group>";
		};
		5B02905D2598E823004E03EF /* Post */ = {
			isa = PBXGroup;
			children = (
				5B02905E2598E835004E03EF /* PictureSelectionView.swift */,
				5B02906B2599507F004E03EF /* PostSettingView.swift */,
				5B02907625995BD1004E03EF /* TagPeopleView.swift */,
				5B02907B25995C3D004E03EF /* TopBarView.swift */,
				5B7DC98C2599E2C300F928EA /* testView.swift */,
			);
			path = Post;
			sourceTree = "<group>";
		};
		5B1D1FB92572584D006B5073 /* Supporting Files */ = {
			isa = PBXGroup;
			children = (
				5B1D1FBA25725AAA006B5073 /* Fonts */,
				5BA7A0F62571BE5500993718 /* Info.plist */,
				5BA7A0F12571BE5500993718 /* Assets.xcassets */,
				5BA7A0F32571BE5500993718 /* Preview Content */,
			);
			path = "Supporting Files";
			sourceTree = "<group>";
		};
		5B1D1FBA25725AAA006B5073 /* Fonts */ = {
			isa = PBXGroup;
			children = (
				5BF3004A25956820000E4DA1 /* Proxima Nova Thin.otf */,
				5BF3005325956888000E4DA1 /* Proxima Nova Bold.otf */,
				5BF3005225956888000E4DA1 /* Proxima Nova Regular.otf */,
				5BF0BAEB25865E6D00C3B9FB /* Billabong.ttf */,
			);
			path = Fonts;
			sourceTree = "<group>";
		};
		5B5DF1EB2581886500A756D9 /* Elements */ = {
			isa = PBXGroup;
			children = (
				5B5DF1EC2581887400A756D9 /* BigBlueButton.swift */,
				5B5DF1F125818AD700A756D9 /* CustomTextField.swift */,
				5B70B66525840FE3004221D5 /* BackButton.swift */,
				5B0290662598EC0E004E03EF /* ImagePicker.swift */,
				5BCDF4CF259FE466001B851F /* SearchBar.swift */,
			);
			path = Elements;
			sourceTree = "<group>";
		};
		5BA7A0E12571BE5200993718 = {
			isa = PBXGroup;
			children = (
				5BA7A0EC2571BE5300993718 /* Bestagram */,
				5BA7A0FE2571BE5500993718 /* BestagramTests */,
				5BA7A1092571BE5500993718 /* BestagramUITests */,
				5BA7A0EB2571BE5300993718 /* Products */,
				9C250456E75C30FA97A9F50F /* Pods */,
				AF31EED1C130B0C7A90CDD0A /* Frameworks */,
			);
			sourceTree = "<group>";
		};
		5BA7A0EB2571BE5300993718 /* Products */ = {
			isa = PBXGroup;
			children = (
				5BA7A0EA2571BE5300993718 /* Bestagram.app */,
				5BA7A0FB2571BE5500993718 /* BestagramTests.xctest */,
				5BA7A1062571BE5500993718 /* BestagramUITests.xctest */,
			);
			name = Products;
			sourceTree = "<group>";
		};
		5BA7A0EC2571BE5300993718 /* Bestagram */ = {
			isa = PBXGroup;
			children = (
				5B1D1FB92572584D006B5073 /* Supporting Files */,
				5BA7A11C2571BF6400993718 /* View */,
				5BA7A11B2571BF5E00993718 /* Model */,
			);
			path = Bestagram;
			sourceTree = "<group>";
		};
		5BA7A0F32571BE5500993718 /* Preview Content */ = {
			isa = PBXGroup;
			children = (
				5BA7A0F42571BE5500993718 /* Preview Assets.xcassets */,
			);
			path = "Preview Content";
			sourceTree = "<group>";
		};
		5BA7A0FE2571BE5500993718 /* BestagramTests */ = {
			isa = PBXGroup;
			children = (
				5BA7A0FF2571BE5500993718 /* BestagramTests.swift */,
				5BA7A1012571BE5500993718 /* Info.plist */,
				5B1D1FF525727420006B5073 /* BestagramPostTests.swift */,
				5B02904325973C55004E03EF /* BestagramUserTests.swift */,
			);
			path = BestagramTests;
			sourceTree = "<group>";
		};
		5BA7A1092571BE5500993718 /* BestagramUITests */ = {
			isa = PBXGroup;
			children = (
				5BA7A10A2571BE5500993718 /* BestagramUITests.swift */,
				5BA7A10C2571BE5500993718 /* Info.plist */,
			);
			path = BestagramUITests;
			sourceTree = "<group>";
		};
		5BA7A11B2571BF5E00993718 /* Model */ = {
			isa = PBXGroup;
			children = (
				5BCD740D25C2064400D3489E /* System Extensions */,
				5BDCB8F22586B32100056B2B /* Requests */,
				5BF0BAF025865E8700C3B9FB /* Fonts */,
				5BE70E032571C43300187FF1 /* User.swift */,
				5B1D20132572DF81006B5073 /* Description.swift */,
				5B1D1FCC257260E0006B5073 /* Post.swift */,
				5B70B670258412F1004221D5 /* Checks.swift */,
				5BB3770D258E4F41003559DE /* Hashing.swift */,
				5BB37713258E73D0003559DE /* Error.swift */,
				5BCDF4BA259FE1A4001B851F /* Tag.swift */,
				5BF4759825BC7DBB00DC5FCA /* CredentialService.swift */,
				5BAA5A2F25BEDFA600327674 /* CacheStorage.swift */,
			);
			path = Model;
			sourceTree = "<group>";
		};
		5BA7A11C2571BF6400993718 /* View */ = {
			isa = PBXGroup;
			children = (
				5B5DF1EB2581886500A756D9 /* Elements */,
				5BB7D82C2581532B001AE07C /* Sign In - Up */,
				5B02905C2598E80A004E03EF /* Share */,
				5BA7A0ED2571BE5300993718 /* BestagramApp.swift */,
				5BA7A0EF2571BE5300993718 /* PostView.swift */,
				5B1D200E2572DF2A006B5073 /* DescriptionView.swift */,
				5BCDF4C7259FE3F4001B851F /* SearchPeopleView.swift */,
				5B21218D25B9B6050055C2C6 /* PickUsernameView.swift */,
			);
			path = View;
			sourceTree = "<group>";
		};
		5BB7D82C2581532B001AE07C /* Sign In - Up */ = {
			isa = PBXGroup;
			children = (
				5BF0BAA22585411700C3B9FB /* Sign In */,
				5BB7D83525815495001AE07C /* Sign Up */,
				5BB7D82D25815399001AE07C /* SignInOrUpChoiceView.swift */,
				5BF3006E25964CBB000E4DA1 /* InterfacePositioningView.swift */,
			);
			path = "Sign In - Up";
			sourceTree = "<group>";
		};
		5BB7D83525815495001AE07C /* Sign Up */ = {
			isa = PBXGroup;
			children = (
				5BB7D836258154D9001AE07C /* EnterPhoneOrEmailView.swift */,
				5BA8950325BACFBD00D72CEC /* EnterUsernameView.swift */,
				5BF300252595362B000E4DA1 /* EnterNameView.swift */,
				5BF3006425962794000E4DA1 /* CreatePasswordView.swift */,
				5BF3006925964A25000E4DA1 /* WelcomeToBestagramView.swift */,
				5B4A618F25852E9C008FDED5 /* EnterConfirmationCodeView.swift */,
				5BF3005F2595E534000E4DA1 /* AlreadyHaveAccountView.swift */,
			);
			path = "Sign Up";
			sourceTree = "<group>";
		};
		5BCD740D25C2064400D3489E /* System Extensions */ = {
			isa = PBXGroup;
			children = (
				5B02908025995E1D004E03EF /* UIScreenExtension.swift */,
				5B1D1FF025727290006B5073 /* StringProtocolExtension.swift */,
			);
			path = "System Extensions";
			sourceTree = "<group>";
		};
		5BDCB8F22586B32100056B2B /* Requests */ = {
			isa = PBXGroup;
			children = (
				5BDCB8F32586B34C00056B2B /* LoginService.swift */,
				5BDCB8FB2586B77F00056B2B /* Api.swift */,
				5B21219225B9B9E60055C2C6 /* SearchService.swift */,
				5B21219725B9BC450055C2C6 /* ErrorParsing.swift */,
			);
			path = Requests;
			sourceTree = "<group>";
		};
		5BF0BAA22585411700C3B9FB /* Sign In */ = {
			isa = PBXGroup;
			children = (
				5BF0BAE625865DAB00C3B9FB /* EnterLoginInfoView.swift */,
				5B02904B2597EF15004E03EF /* DontHaveAccountView.swift */,
			);
			path = "Sign In";
			sourceTree = "<group>";
		};
		5BF0BAF025865E8700C3B9FB /* Fonts */ = {
			isa = PBXGroup;
			children = (
				5B1D1FD125726629006B5073 /* ProximaNova.swift */,
				5BF0BAF125865E9A00C3B9FB /* Billabong.swift */,
			);
			path = Fonts;
			sourceTree = "<group>";
		};
		9C250456E75C30FA97A9F50F /* Pods */ = {
			isa = PBXGroup;
			children = (
				E641F518EC26313319DD8C71 /* Pods-Bestagram.debug.xcconfig */,
				A9FA6428F46D234D921F1DA8 /* Pods-Bestagram.release.xcconfig */,
				CF5258568DE653B4524FD87F /* Pods-Bestagram-BestagramUITests.debug.xcconfig */,
				6708ED6011F9118EB53F4B60 /* Pods-Bestagram-BestagramUITests.release.xcconfig */,
				6CBAF8711BA4DEC12E4FE49A /* Pods-BestagramTests.debug.xcconfig */,
				3586BAC067A5F381D8FF1D8A /* Pods-BestagramTests.release.xcconfig */,
			);
			path = Pods;
			sourceTree = "<group>";
		};
		AF31EED1C130B0C7A90CDD0A /* Frameworks */ = {
			isa = PBXGroup;
			children = (
				B2FE10F21ADC5EB9CA01ADBC /* Pods_Bestagram.framework */,
				BF0016E4F11A81D956860251 /* Pods_Bestagram_BestagramUITests.framework */,
				3683A6984771AA6851D85B80 /* Pods_BestagramTests.framework */,
			);
			name = Frameworks;
			sourceTree = "<group>";
		};
/* End PBXGroup section */

/* Begin PBXNativeTarget section */
		5BA7A0E92571BE5200993718 /* Bestagram */ = {
			isa = PBXNativeTarget;
			buildConfigurationList = 5BA7A10F2571BE5500993718 /* Build configuration list for PBXNativeTarget "Bestagram" */;
			buildPhases = (
				B0DE206CAFD09FCF076D611C /* [CP] Check Pods Manifest.lock */,
				5BA7A0E62571BE5200993718 /* Sources */,
				5BA7A0E72571BE5200993718 /* Frameworks */,
				5BA7A0E82571BE5200993718 /* Resources */,
				5B25D6E62573AB290020EA99 /* ShellScript */,
				3F5D878077EF74FDA88299A3 /* [CP] Embed Pods Frameworks */,
			);
			buildRules = (
			);
			dependencies = (
			);
			name = Bestagram;
			packageProductDependencies = (
			);
			productName = Bestagram;
			productReference = 5BA7A0EA2571BE5300993718 /* Bestagram.app */;
			productType = "com.apple.product-type.application";
		};
		5BA7A0FA2571BE5500993718 /* BestagramTests */ = {
			isa = PBXNativeTarget;
			buildConfigurationList = 5BA7A1122571BE5500993718 /* Build configuration list for PBXNativeTarget "BestagramTests" */;
			buildPhases = (
				FDB72654691B806D4B7D828C /* [CP] Check Pods Manifest.lock */,
				5BA7A0F72571BE5500993718 /* Sources */,
				5BA7A0F82571BE5500993718 /* Frameworks */,
				5BA7A0F92571BE5500993718 /* Resources */,
			);
			buildRules = (
			);
			dependencies = (
				5BA7A0FD2571BE5500993718 /* PBXTargetDependency */,
			);
			name = BestagramTests;
			productName = BestagramTests;
			productReference = 5BA7A0FB2571BE5500993718 /* BestagramTests.xctest */;
			productType = "com.apple.product-type.bundle.unit-test";
		};
		5BA7A1052571BE5500993718 /* BestagramUITests */ = {
			isa = PBXNativeTarget;
			buildConfigurationList = 5BA7A1152571BE5500993718 /* Build configuration list for PBXNativeTarget "BestagramUITests" */;
			buildPhases = (
				3DF10B4511B9EA8CD1EFCD4C /* [CP] Check Pods Manifest.lock */,
				5BA7A1022571BE5500993718 /* Sources */,
				5BA7A1032571BE5500993718 /* Frameworks */,
				5BA7A1042571BE5500993718 /* Resources */,
				4A78F662B107D24A778E12A4 /* [CP] Embed Pods Frameworks */,
			);
			buildRules = (
			);
			dependencies = (
				5BA7A1082571BE5500993718 /* PBXTargetDependency */,
			);
			name = BestagramUITests;
			productName = BestagramUITests;
			productReference = 5BA7A1062571BE5500993718 /* BestagramUITests.xctest */;
			productType = "com.apple.product-type.bundle.ui-testing";
		};
/* End PBXNativeTarget section */

/* Begin PBXProject section */
		5BA7A0E22571BE5200993718 /* Project object */ = {
			isa = PBXProject;
			attributes = {
				LastSwiftUpdateCheck = 1220;
				LastUpgradeCheck = 1220;
				TargetAttributes = {
					5BA7A0E92571BE5200993718 = {
						CreatedOnToolsVersion = 12.2;
					};
					5BA7A0FA2571BE5500993718 = {
						CreatedOnToolsVersion = 12.2;
						TestTargetID = 5BA7A0E92571BE5200993718;
					};
					5BA7A1052571BE5500993718 = {
						CreatedOnToolsVersion = 12.2;
						TestTargetID = 5BA7A0E92571BE5200993718;
					};
				};
			};
			buildConfigurationList = 5BA7A0E52571BE5200993718 /* Build configuration list for PBXProject "Bestagram" */;
			compatibilityVersion = "Xcode 9.3";
			developmentRegion = en;
			hasScannedForEncodings = 0;
			knownRegions = (
				en,
				Base,
			);
			mainGroup = 5BA7A0E12571BE5200993718;
			packageReferences = (
			);
			productRefGroup = 5BA7A0EB2571BE5300993718 /* Products */;
			projectDirPath = "";
			projectRoot = "";
			targets = (
				5BA7A0E92571BE5200993718 /* Bestagram */,
				5BA7A0FA2571BE5500993718 /* BestagramTests */,
				5BA7A1052571BE5500993718 /* BestagramUITests */,
			);
		};
/* End PBXProject section */

/* Begin PBXResourcesBuildPhase section */
		5BA7A0E82571BE5200993718 /* Resources */ = {
			isa = PBXResourcesBuildPhase;
			buildActionMask = 2147483647;
			files = (
				5BA7A0F52571BE5500993718 /* Preview Assets.xcassets in Resources */,
				5BF3005425956888000E4DA1 /* Proxima Nova Regular.otf in Resources */,
				5BA7A0F22571BE5500993718 /* Assets.xcassets in Resources */,
				5BF3005525956888000E4DA1 /* Proxima Nova Bold.otf in Resources */,
				5BF0BAEC25865E6D00C3B9FB /* Billabong.ttf in Resources */,
				5BF3004B25956820000E4DA1 /* Proxima Nova Thin.otf in Resources */,
			);
			runOnlyForDeploymentPostprocessing = 0;
		};
		5BA7A0F92571BE5500993718 /* Resources */ = {
			isa = PBXResourcesBuildPhase;
			buildActionMask = 2147483647;
			files = (
			);
			runOnlyForDeploymentPostprocessing = 0;
		};
		5BA7A1042571BE5500993718 /* Resources */ = {
			isa = PBXResourcesBuildPhase;
			buildActionMask = 2147483647;
			files = (
			);
			runOnlyForDeploymentPostprocessing = 0;
		};
/* End PBXResourcesBuildPhase section */

/* Begin PBXShellScriptBuildPhase section */
		3DF10B4511B9EA8CD1EFCD4C /* [CP] Check Pods Manifest.lock */ = {
			isa = PBXShellScriptBuildPhase;
			buildActionMask = 2147483647;
			files = (
			);
			inputFileListPaths = (
			);
			inputPaths = (
				"${PODS_PODFILE_DIR_PATH}/Podfile.lock",
				"${PODS_ROOT}/Manifest.lock",
			);
			name = "[CP] Check Pods Manifest.lock";
			outputFileListPaths = (
			);
			outputPaths = (
				"$(DERIVED_FILE_DIR)/Pods-Bestagram-BestagramUITests-checkManifestLockResult.txt",
			);
			runOnlyForDeploymentPostprocessing = 0;
			shellPath = /bin/sh;
			shellScript = "diff \"${PODS_PODFILE_DIR_PATH}/Podfile.lock\" \"${PODS_ROOT}/Manifest.lock\" > /dev/null\nif [ $? != 0 ] ; then\n    # print error to STDERR\n    echo \"error: The sandbox is not in sync with the Podfile.lock. Run 'pod install' or update your CocoaPods installation.\" >&2\n    exit 1\nfi\n# This output is used by Xcode 'outputs' to avoid re-running this script phase.\necho \"SUCCESS\" > \"${SCRIPT_OUTPUT_FILE_0}\"\n";
			showEnvVarsInLog = 0;
		};
		3F5D878077EF74FDA88299A3 /* [CP] Embed Pods Frameworks */ = {
			isa = PBXShellScriptBuildPhase;
			buildActionMask = 2147483647;
			files = (
			);
			inputFileListPaths = (
				"${PODS_ROOT}/Target Support Files/Pods-Bestagram/Pods-Bestagram-frameworks-${CONFIGURATION}-input-files.xcfilelist",
			);
			name = "[CP] Embed Pods Frameworks";
			outputFileListPaths = (
				"${PODS_ROOT}/Target Support Files/Pods-Bestagram/Pods-Bestagram-frameworks-${CONFIGURATION}-output-files.xcfilelist",
			);
			runOnlyForDeploymentPostprocessing = 0;
			shellPath = /bin/sh;
			shellScript = "\"${PODS_ROOT}/Target Support Files/Pods-Bestagram/Pods-Bestagram-frameworks.sh\"\n";
			showEnvVarsInLog = 0;
		};
		4A78F662B107D24A778E12A4 /* [CP] Embed Pods Frameworks */ = {
			isa = PBXShellScriptBuildPhase;
			buildActionMask = 2147483647;
			files = (
			);
			inputFileListPaths = (
				"${PODS_ROOT}/Target Support Files/Pods-Bestagram-BestagramUITests/Pods-Bestagram-BestagramUITests-frameworks-${CONFIGURATION}-input-files.xcfilelist",
			);
			name = "[CP] Embed Pods Frameworks";
			outputFileListPaths = (
				"${PODS_ROOT}/Target Support Files/Pods-Bestagram-BestagramUITests/Pods-Bestagram-BestagramUITests-frameworks-${CONFIGURATION}-output-files.xcfilelist",
			);
			runOnlyForDeploymentPostprocessing = 0;
			shellPath = /bin/sh;
			shellScript = "\"${PODS_ROOT}/Target Support Files/Pods-Bestagram-BestagramUITests/Pods-Bestagram-BestagramUITests-frameworks.sh\"\n";
			showEnvVarsInLog = 0;
		};
		5B25D6E62573AB290020EA99 /* ShellScript */ = {
			isa = PBXShellScriptBuildPhase;
			buildActionMask = 8;
			files = (
			);
			inputFileListPaths = (
			);
			inputPaths = (
			);
			outputFileListPaths = (
			);
			outputPaths = (
			);
			runOnlyForDeploymentPostprocessing = 1;
			shellPath = /bin/sh;
			shellScript = "if which swiftlint >/dev/null; then\n  swiftlint autocorrect && swiftlint\nelse\n  echo \"warning: SwiftLint not installed, download from https://github.com/realm/SwiftLint\"\nfi\n";
		};
		B0DE206CAFD09FCF076D611C /* [CP] Check Pods Manifest.lock */ = {
			isa = PBXShellScriptBuildPhase;
			buildActionMask = 2147483647;
			files = (
			);
			inputFileListPaths = (
			);
			inputPaths = (
				"${PODS_PODFILE_DIR_PATH}/Podfile.lock",
				"${PODS_ROOT}/Manifest.lock",
			);
			name = "[CP] Check Pods Manifest.lock";
			outputFileListPaths = (
			);
			outputPaths = (
				"$(DERIVED_FILE_DIR)/Pods-Bestagram-checkManifestLockResult.txt",
			);
			runOnlyForDeploymentPostprocessing = 0;
			shellPath = /bin/sh;
			shellScript = "diff \"${PODS_PODFILE_DIR_PATH}/Podfile.lock\" \"${PODS_ROOT}/Manifest.lock\" > /dev/null\nif [ $? != 0 ] ; then\n    # print error to STDERR\n    echo \"error: The sandbox is not in sync with the Podfile.lock. Run 'pod install' or update your CocoaPods installation.\" >&2\n    exit 1\nfi\n# This output is used by Xcode 'outputs' to avoid re-running this script phase.\necho \"SUCCESS\" > \"${SCRIPT_OUTPUT_FILE_0}\"\n";
			showEnvVarsInLog = 0;
		};
		FDB72654691B806D4B7D828C /* [CP] Check Pods Manifest.lock */ = {
			isa = PBXShellScriptBuildPhase;
			buildActionMask = 2147483647;
			files = (
			);
			inputFileListPaths = (
			);
			inputPaths = (
				"${PODS_PODFILE_DIR_PATH}/Podfile.lock",
				"${PODS_ROOT}/Manifest.lock",
			);
			name = "[CP] Check Pods Manifest.lock";
			outputFileListPaths = (
			);
			outputPaths = (
				"$(DERIVED_FILE_DIR)/Pods-BestagramTests-checkManifestLockResult.txt",
			);
			runOnlyForDeploymentPostprocessing = 0;
			shellPath = /bin/sh;
			shellScript = "diff \"${PODS_PODFILE_DIR_PATH}/Podfile.lock\" \"${PODS_ROOT}/Manifest.lock\" > /dev/null\nif [ $? != 0 ] ; then\n    # print error to STDERR\n    echo \"error: The sandbox is not in sync with the Podfile.lock. Run 'pod install' or update your CocoaPods installation.\" >&2\n    exit 1\nfi\n# This output is used by Xcode 'outputs' to avoid re-running this script phase.\necho \"SUCCESS\" > \"${SCRIPT_OUTPUT_FILE_0}\"\n";
			showEnvVarsInLog = 0;
		};
/* End PBXShellScriptBuildPhase section */

/* Begin PBXSourcesBuildPhase section */
		5BA7A0E62571BE5200993718 /* Sources */ = {
			isa = PBXSourcesBuildPhase;
			buildActionMask = 2147483647;
			files = (
				5B21219325B9B9E60055C2C6 /* SearchService.swift in Sources */,
				5BCDF4D0259FE466001B851F /* SearchBar.swift in Sources */,
				5B21218E25B9B6050055C2C6 /* PickUsernameView.swift in Sources */,
				5B1D20142572DF81006B5073 /* Description.swift in Sources */,
				5BF0BAE725865DAB00C3B9FB /* EnterLoginInfoView.swift in Sources */,
				5BA8950425BACFBD00D72CEC /* EnterUsernameView.swift in Sources */,
				5B7DC98D2599E2C300F928EA /* testView.swift in Sources */,
				5B02905F2598E835004E03EF /* PictureSelectionView.swift in Sources */,
				5BF4759925BC7DBB00DC5FCA /* CredentialService.swift in Sources */,
				5B70B66625840FE3004221D5 /* BackButton.swift in Sources */,
				5BB7D82E25815399001AE07C /* SignInOrUpChoiceView.swift in Sources */,
				5BF300602595E534000E4DA1 /* AlreadyHaveAccountView.swift in Sources */,
				5BA7A0F02571BE5300993718 /* PostView.swift in Sources */,
				5B4A619025852E9C008FDED5 /* EnterConfirmationCodeView.swift in Sources */,
				5BB37714258E73D0003559DE /* Error.swift in Sources */,
				5B1D200F2572DF2A006B5073 /* DescriptionView.swift in Sources */,
				5B5DF1ED2581887400A756D9 /* BigBlueButton.swift in Sources */,
				5BDCB8FC2586B77F00056B2B /* Api.swift in Sources */,
				5BF300262595362B000E4DA1 /* EnterNameView.swift in Sources */,
				5B02908125995E1D004E03EF /* UIScreenExtension.swift in Sources */,
				5BF3006F25964CBB000E4DA1 /* InterfacePositioningView.swift in Sources */,
				5B02907C25995C3D004E03EF /* TopBarView.swift in Sources */,
				5BCDF4BB259FE1A4001B851F /* Tag.swift in Sources */,
				5B5DF1F225818AD700A756D9 /* CustomTextField.swift in Sources */,
				5BAA5A3025BEDFA600327674 /* CacheStorage.swift in Sources */,
				5BB3770E258E4F41003559DE /* Hashing.swift in Sources */,
				5B02907725995BD1004E03EF /* TagPeopleView.swift in Sources */,
				5BA7A0EE2571BE5300993718 /* BestagramApp.swift in Sources */,
				5BCDF4C8259FE3F4001B851F /* SearchPeopleView.swift in Sources */,
				5B02906C2599507F004E03EF /* PostSettingView.swift in Sources */,
				5B0290672598EC0E004E03EF /* ImagePicker.swift in Sources */,
				5B70B671258412F1004221D5 /* Checks.swift in Sources */,
				5BE70E042571C43300187FF1 /* User.swift in Sources */,
				5BB7D837258154D9001AE07C /* EnterPhoneOrEmailView.swift in Sources */,
				5B1D1FD225726629006B5073 /* ProximaNova.swift in Sources */,
				5B1D1FF125727291006B5073 /* StringProtocolExtension.swift in Sources */,
				5BDCB8F42586B34C00056B2B /* LoginService.swift in Sources */,
				5BF3006525962794000E4DA1 /* CreatePasswordView.swift in Sources */,
				5B21219825B9BC450055C2C6 /* ErrorParsing.swift in Sources */,
				5BF3006A25964A25000E4DA1 /* WelcomeToBestagramView.swift in Sources */,
				5B02904C2597EF15004E03EF /* DontHaveAccountView.swift in Sources */,
				5B1D1FCD257260E0006B5073 /* Post.swift in Sources */,
				5BF0BAF225865E9A00C3B9FB /* Billabong.swift in Sources */,
			);
			runOnlyForDeploymentPostprocessing = 0;
		};
		5BA7A0F72571BE5500993718 /* Sources */ = {
			isa = PBXSourcesBuildPhase;
			buildActionMask = 2147483647;
			files = (
				5B1D1FF625727420006B5073 /* BestagramPostTests.swift in Sources */,
				5B02904425973C55004E03EF /* BestagramUserTests.swift in Sources */,
				5BA7A1002571BE5500993718 /* BestagramTests.swift in Sources */,
			);
			runOnlyForDeploymentPostprocessing = 0;
		};
		5BA7A1022571BE5500993718 /* Sources */ = {
			isa = PBXSourcesBuildPhase;
			buildActionMask = 2147483647;
			files = (
				5BA7A10B2571BE5500993718 /* BestagramUITests.swift in Sources */,
			);
			runOnlyForDeploymentPostprocessing = 0;
		};
/* End PBXSourcesBuildPhase section */

/* Begin PBXTargetDependency section */
		5BA7A0FD2571BE5500993718 /* PBXTargetDependency */ = {
			isa = PBXTargetDependency;
			target = 5BA7A0E92571BE5200993718 /* Bestagram */;
			targetProxy = 5BA7A0FC2571BE5500993718 /* PBXContainerItemProxy */;
		};
		5BA7A1082571BE5500993718 /* PBXTargetDependency */ = {
			isa = PBXTargetDependency;
			target = 5BA7A0E92571BE5200993718 /* Bestagram */;
			targetProxy = 5BA7A1072571BE5500993718 /* PBXContainerItemProxy */;
		};
/* End PBXTargetDependency section */

/* Begin XCBuildConfiguration section */
		5BA7A10D2571BE5500993718 /* Debug */ = {
			isa = XCBuildConfiguration;
			buildSettings = {
				ALWAYS_SEARCH_USER_PATHS = NO;
				CLANG_ANALYZER_NONNULL = YES;
				CLANG_ANALYZER_NUMBER_OBJECT_CONVERSION = YES_AGGRESSIVE;
				CLANG_CXX_LANGUAGE_STANDARD = "gnu++14";
				CLANG_CXX_LIBRARY = "libc++";
				CLANG_ENABLE_MODULES = YES;
				CLANG_ENABLE_OBJC_ARC = YES;
				CLANG_ENABLE_OBJC_WEAK = YES;
				CLANG_WARN_BLOCK_CAPTURE_AUTORELEASING = YES;
				CLANG_WARN_BOOL_CONVERSION = YES;
				CLANG_WARN_COMMA = YES;
				CLANG_WARN_CONSTANT_CONVERSION = YES;
				CLANG_WARN_DEPRECATED_OBJC_IMPLEMENTATIONS = YES;
				CLANG_WARN_DIRECT_OBJC_ISA_USAGE = YES_ERROR;
				CLANG_WARN_DOCUMENTATION_COMMENTS = YES;
				CLANG_WARN_EMPTY_BODY = YES;
				CLANG_WARN_ENUM_CONVERSION = YES;
				CLANG_WARN_INFINITE_RECURSION = YES;
				CLANG_WARN_INT_CONVERSION = YES;
				CLANG_WARN_NON_LITERAL_NULL_CONVERSION = YES;
				CLANG_WARN_OBJC_IMPLICIT_RETAIN_SELF = YES;
				CLANG_WARN_OBJC_LITERAL_CONVERSION = YES;
				CLANG_WARN_OBJC_ROOT_CLASS = YES_ERROR;
				CLANG_WARN_QUOTED_INCLUDE_IN_FRAMEWORK_HEADER = YES;
				CLANG_WARN_RANGE_LOOP_ANALYSIS = YES;
				CLANG_WARN_STRICT_PROTOTYPES = YES;
				CLANG_WARN_SUSPICIOUS_MOVE = YES;
				CLANG_WARN_UNGUARDED_AVAILABILITY = YES_AGGRESSIVE;
				CLANG_WARN_UNREACHABLE_CODE = YES;
				CLANG_WARN__DUPLICATE_METHOD_MATCH = YES;
				COPY_PHASE_STRIP = NO;
				DEBUG_INFORMATION_FORMAT = dwarf;
				ENABLE_STRICT_OBJC_MSGSEND = YES;
				ENABLE_TESTABILITY = YES;
				GCC_C_LANGUAGE_STANDARD = gnu11;
				GCC_DYNAMIC_NO_PIC = NO;
				GCC_NO_COMMON_BLOCKS = YES;
				GCC_OPTIMIZATION_LEVEL = 0;
				GCC_PREPROCESSOR_DEFINITIONS = (
					"DEBUG=1",
					"$(inherited)",
				);
				GCC_WARN_64_TO_32_BIT_CONVERSION = YES;
				GCC_WARN_ABOUT_RETURN_TYPE = YES_ERROR;
				GCC_WARN_UNDECLARED_SELECTOR = YES;
				GCC_WARN_UNINITIALIZED_AUTOS = YES_AGGRESSIVE;
				GCC_WARN_UNUSED_FUNCTION = YES;
				GCC_WARN_UNUSED_VARIABLE = YES;
				IPHONEOS_DEPLOYMENT_TARGET = 14.2;
				MTL_ENABLE_DEBUG_INFO = INCLUDE_SOURCE;
				MTL_FAST_MATH = YES;
				ONLY_ACTIVE_ARCH = YES;
				SDKROOT = iphoneos;
				SWIFT_ACTIVE_COMPILATION_CONDITIONS = DEBUG;
				SWIFT_OPTIMIZATION_LEVEL = "-Onone";
			};
			name = Debug;
		};
		5BA7A10E2571BE5500993718 /* Release */ = {
			isa = XCBuildConfiguration;
			buildSettings = {
				ALWAYS_SEARCH_USER_PATHS = NO;
				CLANG_ANALYZER_NONNULL = YES;
				CLANG_ANALYZER_NUMBER_OBJECT_CONVERSION = YES_AGGRESSIVE;
				CLANG_CXX_LANGUAGE_STANDARD = "gnu++14";
				CLANG_CXX_LIBRARY = "libc++";
				CLANG_ENABLE_MODULES = YES;
				CLANG_ENABLE_OBJC_ARC = YES;
				CLANG_ENABLE_OBJC_WEAK = YES;
				CLANG_WARN_BLOCK_CAPTURE_AUTORELEASING = YES;
				CLANG_WARN_BOOL_CONVERSION = YES;
				CLANG_WARN_COMMA = YES;
				CLANG_WARN_CONSTANT_CONVERSION = YES;
				CLANG_WARN_DEPRECATED_OBJC_IMPLEMENTATIONS = YES;
				CLANG_WARN_DIRECT_OBJC_ISA_USAGE = YES_ERROR;
				CLANG_WARN_DOCUMENTATION_COMMENTS = YES;
				CLANG_WARN_EMPTY_BODY = YES;
				CLANG_WARN_ENUM_CONVERSION = YES;
				CLANG_WARN_INFINITE_RECURSION = YES;
				CLANG_WARN_INT_CONVERSION = YES;
				CLANG_WARN_NON_LITERAL_NULL_CONVERSION = YES;
				CLANG_WARN_OBJC_IMPLICIT_RETAIN_SELF = YES;
				CLANG_WARN_OBJC_LITERAL_CONVERSION = YES;
				CLANG_WARN_OBJC_ROOT_CLASS = YES_ERROR;
				CLANG_WARN_QUOTED_INCLUDE_IN_FRAMEWORK_HEADER = YES;
				CLANG_WARN_RANGE_LOOP_ANALYSIS = YES;
				CLANG_WARN_STRICT_PROTOTYPES = YES;
				CLANG_WARN_SUSPICIOUS_MOVE = YES;
				CLANG_WARN_UNGUARDED_AVAILABILITY = YES_AGGRESSIVE;
				CLANG_WARN_UNREACHABLE_CODE = YES;
				CLANG_WARN__DUPLICATE_METHOD_MATCH = YES;
				COPY_PHASE_STRIP = NO;
				DEBUG_INFORMATION_FORMAT = "dwarf-with-dsym";
				ENABLE_NS_ASSERTIONS = NO;
				ENABLE_STRICT_OBJC_MSGSEND = YES;
				GCC_C_LANGUAGE_STANDARD = gnu11;
				GCC_NO_COMMON_BLOCKS = YES;
				GCC_WARN_64_TO_32_BIT_CONVERSION = YES;
				GCC_WARN_ABOUT_RETURN_TYPE = YES_ERROR;
				GCC_WARN_UNDECLARED_SELECTOR = YES;
				GCC_WARN_UNINITIALIZED_AUTOS = YES_AGGRESSIVE;
				GCC_WARN_UNUSED_FUNCTION = YES;
				GCC_WARN_UNUSED_VARIABLE = YES;
				IPHONEOS_DEPLOYMENT_TARGET = 14.2;
				MTL_ENABLE_DEBUG_INFO = NO;
				MTL_FAST_MATH = YES;
				SDKROOT = iphoneos;
				SWIFT_COMPILATION_MODE = wholemodule;
				SWIFT_OPTIMIZATION_LEVEL = "-O";
				VALIDATE_PRODUCT = YES;
			};
			name = Release;
		};
		5BA7A1102571BE5500993718 /* Debug */ = {
			isa = XCBuildConfiguration;
			baseConfigurationReference = E641F518EC26313319DD8C71 /* Pods-Bestagram.debug.xcconfig */;
			buildSettings = {
				ASSETCATALOG_COMPILER_APPICON_NAME = AppIcon;
				ASSETCATALOG_COMPILER_GLOBAL_ACCENT_COLOR_NAME = AccentColor;
				CODE_SIGN_STYLE = Automatic;
				DEVELOPMENT_ASSET_PATHS = "\"Bestagram/Supporting Files/Preview Content\"";
				DEVELOPMENT_TEAM = 3M2A92WN59;
				ENABLE_PREVIEWS = YES;
				INFOPLIST_FILE = "Bestagram/Supporting Files/Info.plist";
				IPHONEOS_DEPLOYMENT_TARGET = 14.0;
				LD_RUNPATH_SEARCH_PATHS = (
					"$(inherited)",
					"@executable_path/Frameworks",
				);
				PRODUCT_BUNDLE_IDENTIFIER = com.Titouan.Bestagram;
				PRODUCT_NAME = "$(TARGET_NAME)";
				SWIFT_VERSION = 5.0;
				TARGETED_DEVICE_FAMILY = "1,2";
			};
			name = Debug;
		};
		5BA7A1112571BE5500993718 /* Release */ = {
			isa = XCBuildConfiguration;
			baseConfigurationReference = A9FA6428F46D234D921F1DA8 /* Pods-Bestagram.release.xcconfig */;
			buildSettings = {
				ASSETCATALOG_COMPILER_APPICON_NAME = AppIcon;
				ASSETCATALOG_COMPILER_GLOBAL_ACCENT_COLOR_NAME = AccentColor;
				CODE_SIGN_STYLE = Automatic;
				DEVELOPMENT_ASSET_PATHS = "\"Bestagram/Supporting Files/Preview Content\"";
				DEVELOPMENT_TEAM = 3M2A92WN59;
				ENABLE_PREVIEWS = YES;
				INFOPLIST_FILE = "Bestagram/Supporting Files/Info.plist";
				IPHONEOS_DEPLOYMENT_TARGET = 14.0;
				LD_RUNPATH_SEARCH_PATHS = (
					"$(inherited)",
					"@executable_path/Frameworks",
				);
				PRODUCT_BUNDLE_IDENTIFIER = com.Titouan.Bestagram;
				PRODUCT_NAME = "$(TARGET_NAME)";
				SWIFT_VERSION = 5.0;
				TARGETED_DEVICE_FAMILY = "1,2";
			};
			name = Release;
		};
		5BA7A1132571BE5500993718 /* Debug */ = {
			isa = XCBuildConfiguration;
			baseConfigurationReference = 6CBAF8711BA4DEC12E4FE49A /* Pods-BestagramTests.debug.xcconfig */;
			buildSettings = {
				ALWAYS_EMBED_SWIFT_STANDARD_LIBRARIES = YES;
				BUNDLE_LOADER = "$(TEST_HOST)";
				CODE_SIGN_STYLE = Automatic;
				DEVELOPMENT_TEAM = 3M2A92WN59;
				INFOPLIST_FILE = BestagramTests/Info.plist;
				IPHONEOS_DEPLOYMENT_TARGET = 14.0;
				LD_RUNPATH_SEARCH_PATHS = (
					"$(inherited)",
					"@executable_path/Frameworks",
					"@loader_path/Frameworks",
				);
				PRODUCT_BUNDLE_IDENTIFIER = com.Titouan.BestagramTests;
				PRODUCT_NAME = "$(TARGET_NAME)";
				SWIFT_VERSION = 5.0;
				TARGETED_DEVICE_FAMILY = "1,2";
				TEST_HOST = "$(BUILT_PRODUCTS_DIR)/Bestagram.app/Bestagram";
			};
			name = Debug;
		};
		5BA7A1142571BE5500993718 /* Release */ = {
			isa = XCBuildConfiguration;
			baseConfigurationReference = 3586BAC067A5F381D8FF1D8A /* Pods-BestagramTests.release.xcconfig */;
			buildSettings = {
				ALWAYS_EMBED_SWIFT_STANDARD_LIBRARIES = YES;
				BUNDLE_LOADER = "$(TEST_HOST)";
				CODE_SIGN_STYLE = Automatic;
				DEVELOPMENT_TEAM = 3M2A92WN59;
				INFOPLIST_FILE = BestagramTests/Info.plist;
				IPHONEOS_DEPLOYMENT_TARGET = 14.0;
				LD_RUNPATH_SEARCH_PATHS = (
					"$(inherited)",
					"@executable_path/Frameworks",
					"@loader_path/Frameworks",
				);
				PRODUCT_BUNDLE_IDENTIFIER = com.Titouan.BestagramTests;
				PRODUCT_NAME = "$(TARGET_NAME)";
				SWIFT_VERSION = 5.0;
				TARGETED_DEVICE_FAMILY = "1,2";
				TEST_HOST = "$(BUILT_PRODUCTS_DIR)/Bestagram.app/Bestagram";
			};
			name = Release;
		};
		5BA7A1162571BE5500993718 /* Debug */ = {
			isa = XCBuildConfiguration;
			baseConfigurationReference = CF5258568DE653B4524FD87F /* Pods-Bestagram-BestagramUITests.debug.xcconfig */;
			buildSettings = {
				ALWAYS_EMBED_SWIFT_STANDARD_LIBRARIES = YES;
				CODE_SIGN_STYLE = Automatic;
				DEVELOPMENT_TEAM = 3M2A92WN59;
				INFOPLIST_FILE = BestagramUITests/Info.plist;
				LD_RUNPATH_SEARCH_PATHS = (
					"$(inherited)",
					"@executable_path/Frameworks",
					"@loader_path/Frameworks",
				);
				PRODUCT_BUNDLE_IDENTIFIER = com.Titouan.BestagramUITests;
				PRODUCT_NAME = "$(TARGET_NAME)";
				SWIFT_VERSION = 5.0;
				TARGETED_DEVICE_FAMILY = "1,2";
				TEST_TARGET_NAME = Bestagram;
			};
			name = Debug;
		};
		5BA7A1172571BE5500993718 /* Release */ = {
			isa = XCBuildConfiguration;
			baseConfigurationReference = 6708ED6011F9118EB53F4B60 /* Pods-Bestagram-BestagramUITests.release.xcconfig */;
			buildSettings = {
				ALWAYS_EMBED_SWIFT_STANDARD_LIBRARIES = YES;
				CODE_SIGN_STYLE = Automatic;
				DEVELOPMENT_TEAM = 3M2A92WN59;
				INFOPLIST_FILE = BestagramUITests/Info.plist;
				LD_RUNPATH_SEARCH_PATHS = (
					"$(inherited)",
					"@executable_path/Frameworks",
					"@loader_path/Frameworks",
				);
				PRODUCT_BUNDLE_IDENTIFIER = com.Titouan.BestagramUITests;
				PRODUCT_NAME = "$(TARGET_NAME)";
				SWIFT_VERSION = 5.0;
				TARGETED_DEVICE_FAMILY = "1,2";
				TEST_TARGET_NAME = Bestagram;
			};
			name = Release;
		};
/* End XCBuildConfiguration section */

/* Begin XCConfigurationList section */
		5BA7A0E52571BE5200993718 /* Build configuration list for PBXProject "Bestagram" */ = {
			isa = XCConfigurationList;
			buildConfigurations = (
				5BA7A10D2571BE5500993718 /* Debug */,
				5BA7A10E2571BE5500993718 /* Release */,
			);
			defaultConfigurationIsVisible = 0;
			defaultConfigurationName = Release;
		};
		5BA7A10F2571BE5500993718 /* Build configuration list for PBXNativeTarget "Bestagram" */ = {
			isa = XCConfigurationList;
			buildConfigurations = (
				5BA7A1102571BE5500993718 /* Debug */,
				5BA7A1112571BE5500993718 /* Release */,
			);
			defaultConfigurationIsVisible = 0;
			defaultConfigurationName = Release;
		};
		5BA7A1122571BE5500993718 /* Build configuration list for PBXNativeTarget "BestagramTests" */ = {
			isa = XCConfigurationList;
			buildConfigurations = (
				5BA7A1132571BE5500993718 /* Debug */,
				5BA7A1142571BE5500993718 /* Release */,
			);
			defaultConfigurationIsVisible = 0;
			defaultConfigurationName = Release;
		};
		5BA7A1152571BE5500993718 /* Build configuration list for PBXNativeTarget "BestagramUITests" */ = {
			isa = XCConfigurationList;
			buildConfigurations = (
				5BA7A1162571BE5500993718 /* Debug */,
				5BA7A1172571BE5500993718 /* Release */,
			);
			defaultConfigurationIsVisible = 0;
			defaultConfigurationName = Release;
		};
/* End XCConfigurationList section */
	};
	rootObject = 5BA7A0E22571BE5200993718 /* Project object */;
}
